# THIS FILE IS GENERATED. DO NOT EDIT.

[solution]
[solution.context]
solved = true
[[solution.state]]
crate = "gnat"
fulfilment = "solved"
pinned = false
transitivity = "indirect"
versions = ">=11.2"
[solution.state.release]
auto-gpr-with = false
description = "The GNAT Ada compiler - Native"
licenses = "GPL-3.0-or-later AND GPL-3.0-or-later WITH GCC-exception-3.1"
maintainers = [
"chouteau@adacore.com",
]
maintainers-logins = [
"Fabien-Chouteau",
]
name = "gnat_native"
provides = [
"gnat=13.2.2",
]
version = "13.2.2"
[solution.state.release.configuration]
auto_gpr_with = true
disabled = true
generate_ada = true
generate_c = true
generate_gpr = true
output_dir = "config"
[solution.state.release.environment]
[solution.state.release.environment.PATH]
prepend = "${CRATE_ROOT}/bin"
[solution.state.release.origin]
binary = true
hashes = [
"sha256:88799c95aedc8a50627c9705ff8c60f78941312c86459352bc88f47786466d23",
]
url = "https://github.com/alire-project/GNAT-FSF-builds/releases/download/gnat-13.2.0-2/gnat-x86_64-windows64-13.2.0-2.tar.gz"
[[solution.state]]
crate = "qoi"
fulfilment = "solved"
pinned = false
transitivity = "direct"
versions = "~0.1.0"
[solution.state.release]
authors = [
"Fabien Chouteau",
"Joffrey Huguet",
]
description = "Ada/SPARK implementation of the Quite Ok Image format"
licenses = "MIT"
maintainers = [
"Fabien-Chouteau <chouteau@adacore.com>",
"Joffrey Huguet <huguet@adacore.com>",
]
maintainers-logins = [
"Fabien-Chouteau",
"joffreyhuguet",
]
name = "qoi"
tags = [
"image",
"encoding",
"qoi",
]
version = "0.1.0"
website = "https://github.com/Fabien-Chouteau/qoi-spark"
[solution.state.release.origin]
commit = "25d61809e0e520abec78afd94bfae8a8140414c3"
url = "git+https://github.com/Fabien-Chouteau/qoi-spark.git"
[[solution.state.release.depends-on]]
gnat = ">=11.2"

